
Microsoft Visual Studio Solution File, Format Version 12.00
# Visual Studio Version 17
VisualStudioVersion = 17.0.31903.59
MinimumVisualStudioVersion = 10.0.40219.1
Project("{FAE04EC0-301F-11D3-BF4B-00C04F79EFBC}") = "WebApi.SinglePurpose", "src\WebApi.SinglePurpose\WebApi.SinglePurpose.csproj", "{B44C4AA4-4B9B-4C8B-AD50-4C92105E642F}"
EndProject
Project("{FAE04EC0-301F-11D3-BF4B-00C04F79EFBC}") = "WebApi.Shared", "src\WebApi.Shared\WebApi.Shared.csproj", "{6AC875F7-18FD-455A-8B1A-E2535E554FB1}"
EndProject
Project("{FAE04EC0-301F-11D3-BF4B-00C04F79EFBC}") = "WebApi.SinglePurpose.Test", "src\WebApi.SinglePurpose.Test\WebApi.SinglePurpose.Test.csproj", "{FD6C0805-4C54-4CFA-BE29-0F7E38ED7C0F}"
EndProject
Project("{FAE04EC0-301F-11D3-BF4B-00C04F79EFBC}") = "WebApi.Net6", "..\serverless-with-deps\WebApi.Net6\WebApi.Net6.csproj", "{6A60E6D3-B50E-43A4-AAEF-FE1A12432F70}"
EndProject
Global
	GlobalSection(SolutionConfigurationPlatforms) = preSolution
		Debug|Any CPU = Debug|Any CPU
		Release|Any CPU = Release|Any CPU
	EndGlobalSection
	GlobalSection(SolutionProperties) = preSolution
		HideSolutionNode = FALSE
	EndGlobalSection
	GlobalSection(ProjectConfigurationPlatforms) = postSolution
		{B44C4AA4-4B9B-4C8B-AD50-4C92105E642F}.Debug|Any CPU.ActiveCfg = Debug|Any CPU
		{B44C4AA4-4B9B-4C8B-AD50-4C92105E642F}.Debug|Any CPU.Build.0 = Debug|Any CPU
		{B44C4AA4-4B9B-4C8B-AD50-4C92105E642F}.Release|Any CPU.ActiveCfg = Release|Any CPU
		{B44C4AA4-4B9B-4C8B-AD50-4C92105E642F}.Release|Any CPU.Build.0 = Release|Any CPU
		{6AC875F7-18FD-455A-8B1A-E2535E554FB1}.Debug|Any CPU.ActiveCfg = Debug|Any CPU
		{6AC875F7-18FD-455A-8B1A-E2535E554FB1}.Debug|Any CPU.Build.0 = Debug|Any CPU
		{6AC875F7-18FD-455A-8B1A-E2535E554FB1}.Release|Any CPU.ActiveCfg = Release|Any CPU
		{6AC875F7-18FD-455A-8B1A-E2535E554FB1}.Release|Any CPU.Build.0 = Release|Any CPU
		{FD6C0805-4C54-4CFA-BE29-0F7E38ED7C0F}.Debug|Any CPU.ActiveCfg = Debug|Any CPU
		{FD6C0805-4C54-4CFA-BE29-0F7E38ED7C0F}.Debug|Any CPU.Build.0 = Debug|Any CPU
		{FD6C0805-4C54-4CFA-BE29-0F7E38ED7C0F}.Release|Any CPU.ActiveCfg = Release|Any CPU
		{FD6C0805-4C54-4CFA-BE29-0F7E38ED7C0F}.Release|Any CPU.Build.0 = Release|Any CPU
		{6A60E6D3-B50E-43A4-AAEF-FE1A12432F70}.Debug|Any CPU.ActiveCfg = Debug|Any CPU
		{6A60E6D3-B50E-43A4-AAEF-FE1A12432F70}.Debug|Any CPU.Build.0 = Debug|Any CPU
		{6A60E6D3-B50E-43A4-AAEF-FE1A12432F70}.Release|Any CPU.ActiveCfg = Release|Any CPU
		{6A60E6D3-B50E-43A4-AAEF-FE1A12432F70}.Release|Any CPU.Build.0 = Release|Any CPU
	EndGlobalSection
EndGlobal
