
Microsoft Visual Studio Solution File, Format Version 12.00
# Visual Studio Version 17
VisualStudioVersion = 17.0.31903.59
MinimumVisualStudioVersion = 10.0.40219.1
Project("{9A19103F-16F7-4668-BE54-9A1E7A4F7556}") = "QueueProcessor.App", "QueueProcessor.App\QueueProcessor.App.csproj", "{B1B87A7C-F3FE-4887-A961-224A05C36892}"
EndProject
Project("{9A19103F-16F7-4668-BE54-9A1E7A4F7556}") = "QueueProcessor.Publisher", "QueueProcessor.Publisher\QueueProcessor.Publisher.csproj", "{39FAA073-D444-4699-B7CF-4647B3C707F3}"
EndProject
Project("{9A19103F-16F7-4668-BE54-9A1E7A4F7556}") = "QueueProcessor.Shared", "QueueProcessor.Shared\QueueProcessor.Shared.csproj", "{9854BB74-F041-4746-A6BB-73FEE0A53941}"
EndProject
Project("{FAE04EC0-301F-11D3-BF4B-00C04F79EFBC}") = "OrderEngine", "MessageProcessor.Lambda\src\OrderEngine\OrderEngine.csproj", "{6A5ED909-8F7B-4C3B-BDCD-9E901E031558}"
EndProject
Project("{FAE04EC0-301F-11D3-BF4B-00C04F79EFBC}") = "CheckStock", "MessageProcessor.Lambda\src\CheckStock\CheckStock.csproj", "{B9ADEC54-1E0A-460F-852F-406AE091F71A}"
EndProject
Project("{FAE04EC0-301F-11D3-BF4B-00C04F79EFBC}") = "PriceOrder", "MessageProcessor.Lambda\src\PriceOrder\PriceOrder.csproj", "{65417CD2-698B-4B42-9F83-1B21D55D88A7}"
EndProject
Global
	GlobalSection(SolutionConfigurationPlatforms) = preSolution
		Debug|Any CPU = Debug|Any CPU
		Release|Any CPU = Release|Any CPU
	EndGlobalSection
	GlobalSection(ProjectConfigurationPlatforms) = postSolution
		{B1B87A7C-F3FE-4887-A961-224A05C36892}.Debug|Any CPU.ActiveCfg = Debug|Any CPU
		{B1B87A7C-F3FE-4887-A961-224A05C36892}.Debug|Any CPU.Build.0 = Debug|Any CPU
		{B1B87A7C-F3FE-4887-A961-224A05C36892}.Release|Any CPU.ActiveCfg = Release|Any CPU
		{B1B87A7C-F3FE-4887-A961-224A05C36892}.Release|Any CPU.Build.0 = Release|Any CPU
		{39FAA073-D444-4699-B7CF-4647B3C707F3}.Debug|Any CPU.ActiveCfg = Debug|Any CPU
		{39FAA073-D444-4699-B7CF-4647B3C707F3}.Debug|Any CPU.Build.0 = Debug|Any CPU
		{39FAA073-D444-4699-B7CF-4647B3C707F3}.Release|Any CPU.ActiveCfg = Release|Any CPU
		{39FAA073-D444-4699-B7CF-4647B3C707F3}.Release|Any CPU.Build.0 = Release|Any CPU
		{9854BB74-F041-4746-A6BB-73FEE0A53941}.Debug|Any CPU.ActiveCfg = Debug|Any CPU
		{9854BB74-F041-4746-A6BB-73FEE0A53941}.Debug|Any CPU.Build.0 = Debug|Any CPU
		{9854BB74-F041-4746-A6BB-73FEE0A53941}.Release|Any CPU.ActiveCfg = Release|Any CPU
		{9854BB74-F041-4746-A6BB-73FEE0A53941}.Release|Any CPU.Build.0 = Release|Any CPU
		{6A5ED909-8F7B-4C3B-BDCD-9E901E031558}.Debug|Any CPU.ActiveCfg = Debug|Any CPU
		{6A5ED909-8F7B-4C3B-BDCD-9E901E031558}.Debug|Any CPU.Build.0 = Debug|Any CPU
		{6A5ED909-8F7B-4C3B-BDCD-9E901E031558}.Release|Any CPU.ActiveCfg = Release|Any CPU
		{6A5ED909-8F7B-4C3B-BDCD-9E901E031558}.Release|Any CPU.Build.0 = Release|Any CPU
		{B9ADEC54-1E0A-460F-852F-406AE091F71A}.Debug|Any CPU.ActiveCfg = Debug|Any CPU
		{B9ADEC54-1E0A-460F-852F-406AE091F71A}.Debug|Any CPU.Build.0 = Debug|Any CPU
		{B9ADEC54-1E0A-460F-852F-406AE091F71A}.Release|Any CPU.ActiveCfg = Release|Any CPU
		{B9ADEC54-1E0A-460F-852F-406AE091F71A}.Release|Any CPU.Build.0 = Release|Any CPU
		{65417CD2-698B-4B42-9F83-1B21D55D88A7}.Debug|Any CPU.ActiveCfg = Debug|Any CPU
		{65417CD2-698B-4B42-9F83-1B21D55D88A7}.Debug|Any CPU.Build.0 = Debug|Any CPU
		{65417CD2-698B-4B42-9F83-1B21D55D88A7}.Release|Any CPU.ActiveCfg = Release|Any CPU
		{65417CD2-698B-4B42-9F83-1B21D55D88A7}.Release|Any CPU.Build.0 = Release|Any CPU
	EndGlobalSection
	GlobalSection(SolutionProperties) = preSolution
		HideSolutionNode = FALSE
	EndGlobalSection
	GlobalSection(ExtensibilityGlobals) = postSolution
		SolutionGuid = {41E92366-033C-4D0B-B653-B68206661D35}
	EndGlobalSection
EndGlobal
